
Microsoft Visual Studio Solution File, Format Version 12.00
# Visual Studio Version 16
VisualStudioVersion = 16.0.29911.84
MinimumVisualStudioVersion = 10.0.40219.1
Project("{FAE04EC0-301F-11D3-BF4B-00C04F79EFBC}") = "ETT-Backend", "ETT-Backend\ETT-Backend.csproj", "{6BF885E1-51D5-4100-9B34-AE3CFD9B739C}"
EndProject
Project("{FAE04EC0-301F-11D3-BF4B-00C04F79EFBC}") = "ETT-Backend.Tests", "ETT-Backend.Tests\ETT-Backend.Tests.csproj", "{28B51A99-E1DA-4FED-AB9E-643B8ADBBD80}"
EndProject
Global
	GlobalSection(SolutionConfigurationPlatforms) = preSolution
		Debug|Any CPU = Debug|Any CPU
		Release|Any CPU = Release|Any CPU
	EndGlobalSection
	GlobalSection(ProjectConfigurationPlatforms) = postSolution
		{6BF885E1-51D5-4100-9B34-AE3CFD9B739C}.Debug|Any CPU.ActiveCfg = Debug|Any CPU
		{6BF885E1-51D5-4100-9B34-AE3CFD9B739C}.Debug|Any CPU.Build.0 = Debug|Any CPU
		{6BF885E1-51D5-4100-9B34-AE3CFD9B739C}.Release|Any CPU.ActiveCfg = Release|Any CPU
		{6BF885E1-51D5-4100-9B34-AE3CFD9B739C}.Release|Any CPU.Build.0 = Release|Any CPU
		{28B51A99-E1DA-4FED-AB9E-643B8ADBBD80}.Debug|Any CPU.ActiveCfg = Debug|Any CPU
		{28B51A99-E1DA-4FED-AB9E-643B8ADBBD80}.Debug|Any CPU.Build.0 = Debug|Any CPU
		{28B51A99-E1DA-4FED-AB9E-643B8ADBBD80}.Release|Any CPU.ActiveCfg = Release|Any CPU
		{28B51A99-E1DA-4FED-AB9E-643B8ADBBD80}.Release|Any CPU.Build.0 = Release|Any CPU
	EndGlobalSection
	GlobalSection(SolutionProperties) = preSolution
		HideSolutionNode = FALSE
	EndGlobalSection
	GlobalSection(ExtensibilityGlobals) = postSolution
		SolutionGuid = {F3EF1D90-1C72-4D3D-B99C-564740375560}
	EndGlobalSection
EndGlobal
